
Microsoft Visual Studio Solution File, Format Version 12.00
Project("{FAE04EC0-301F-11D3-BF4B-00C04F79EFBC}") = "SqsCommon", "SQS Basic\SqsCommon\SqsCommon.csproj", "{731CCA8F-985B-4CD2-AB91-DF07752FE25B}"
EndProject
Project("{FAE04EC0-301F-11D3-BF4B-00C04F79EFBC}") = "SqsConsumer", "SQS Basic\SqsConsumer\SqsConsumer.csproj", "{AC8F0C35-DB2C-453A-9568-D07141CAE411}"
EndProject
Project("{FAE04EC0-301F-11D3-BF4B-00C04F79EFBC}") = "SqsPublisher", "SQS Basic\SqsPublisher\SqsPublisher.csproj", "{D832716A-AC4C-48DB-B24B-47644B96EDFE}"
EndProject
Project("{2150E333-8FDC-42A3-9474-1A3956D46DE8}") = "SQS Basic", "SQS Basic", "{F1A85472-E7BA-47C6-BDED-A1DDF7128356}"
EndProject
Project("{2150E333-8FDC-42A3-9474-1A3956D46DE8}") = "SQS", "SQS", "{E3D92467-0DFD-40E6-95C3-C9C3BF72BB23}"
EndProject
Project("{FAE04EC0-301F-11D3-BF4B-00C04F79EFBC}") = "Customers.Api", "SQS\Customers.Api\Customers.Api.csproj", "{05921EB0-652C-4DD0-87D6-300F9273957A}"
EndProject
Project("{FAE04EC0-301F-11D3-BF4B-00C04F79EFBC}") = "SqsConsumer", "SQS\SqsConsumer\SqsConsumer.csproj", "{EDBC8C7F-3D64-4B59-A108-D802FEEEF2A1}"
EndProject
Project("{FAE04EC0-301F-11D3-BF4B-00C04F79EFBC}") = "SqsPublisher", "SQS\SqsPublisher\SqsPublisher.csproj", "{42A2B6B1-1750-4710-83AF-B49EEFD7C4EE}"
EndProject
Project("{FAE04EC0-301F-11D3-BF4B-00C04F79EFBC}") = "Costumers.Consumer", "SQS\Costumers.Consumer\Costumers.Consumer.csproj", "{CFEF8668-8210-44C2-B495-A8C35BE91851}"
EndProject
Project("{2150E333-8FDC-42A3-9474-1A3956D46DE8}") = "SNS", "SNS", "{2E4D0440-EF8F-449C-B820-E5F8E792904C}"
EndProject
Project("{FAE04EC0-301F-11D3-BF4B-00C04F79EFBC}") = "SnsPublisher", "SNS\SnsPublisher\SnsPublisher.csproj", "{B3A4F8D9-1EF2-4B5F-9688-74D6B1965F86}"
EndProject
Project("{FAE04EC0-301F-11D3-BF4B-00C04F79EFBC}") = "Customers.Api", "SNS\Customers.Api\Customers.Api.csproj", "{9DF5E463-4C73-42D7-90BA-C9267DB36D14}"
EndProject
Project("{2150E333-8FDC-42A3-9474-1A3956D46DE8}") = "Tools", "Tools", "{7E139B10-6792-4BBD-999A-101F16FC6847}"
EndProject
Project("{FAE04EC0-301F-11D3-BF4B-00C04F79EFBC}") = "AwsExportTool", "Tools\AwsExportTool\AwsExportTool.csproj", "{243CD782-E7B5-477E-955D-9DC531E4A68D}"
EndProject
Project("{2150E333-8FDC-42A3-9474-1A3956D46DE8}") = "DynamoDB", "DynamoDB", "{00302FBF-C367-4009-BB5D-7BB28967E815}"
EndProject
Project("{FAE04EC0-301F-11D3-BF4B-00C04F79EFBC}") = "Customers.Api", "DynamoDB\Customers.Api\Customers.Api.csproj", "{28F906DF-2EBB-4D58-972B-9AE7A6EB6BF8}"
EndProject
Project("{FAE04EC0-301F-11D3-BF4B-00C04F79EFBC}") = "Movies.Api", "DynamoDB\Movies.Api\Movies.Api.csproj", "{DC424E1D-382F-4CAE-A605-85E7820B3FD1}"
EndProject
Project("{2150E333-8FDC-42A3-9474-1A3956D46DE8}") = "S3", "S3", "{3945F918-6C81-4066-922C-F1E91000ADB3}"
EndProject
Project("{FAE04EC0-301F-11D3-BF4B-00C04F79EFBC}") = "Customers.Api", "S3\Customers.Api\Customers.Api.csproj", "{E8384157-03C6-46A7-B8B6-279460C5C4E8}"
EndProject
Project("{FAE04EC0-301F-11D3-BF4B-00C04F79EFBC}") = "S3Playground", "S3\S3Playground\S3Playground.csproj", "{88B0F01A-A684-4484-A185-8D7FC2109E86}"
EndProject
Project("{2150E333-8FDC-42A3-9474-1A3956D46DE8}") = "SecretManager", "SecretManager", "{AF1EA9A5-7EF1-4C6A-BF6A-4EA5B119C339}"
EndProject
Project("{FAE04EC0-301F-11D3-BF4B-00C04F79EFBC}") = "Weather.Api", "SecretManager\Weather.Api\Weather.Api.csproj", "{80B4D6C8-E021-4023-97FC-613C104CE914}"
EndProject
Project("{FAE04EC0-301F-11D3-BF4B-00C04F79EFBC}") = "SecretManagerApp", "SecretManager\SecretManagerApp\SecretManagerApp.csproj", "{C352921E-707D-4374-A937-E79DB9A22D86}"
EndProject
Project("{2150E333-8FDC-42A3-9474-1A3956D46DE8}") = "Lambda", "Lambda", "{BB1AE07A-D27B-4931-9E73-F171BE905DDB}"
EndProject
Project("{FAE04EC0-301F-11D3-BF4B-00C04F79EFBC}") = "SimpleLambda", "Lambda\SimpleLambda\src\SimpleLambda\SimpleLambda.csproj", "{F3C8D5F5-35B4-4E5D-A84F-8F3AA90AAE61}"
EndProject
Project("{FAE04EC0-301F-11D3-BF4B-00C04F79EFBC}") = "SimpleHttpLambda", "Lambda\SimpleHttpLambda\src\SimpleHttpLambda\SimpleHttpLambda.csproj", "{723AD5B5-28F1-437F-AFEB-2D493C44CD47}"
EndProject
Project("{FAE04EC0-301F-11D3-BF4B-00C04F79EFBC}") = "SimpleSqsLambda", "Lambda\SimpleSqsLambda\src\SimpleSqsLambda\SimpleSqsLambda.csproj", "{5CBD8027-E4FC-45D0-B508-60A45F0D0BC1}"
EndProject
Project("{FAE04EC0-301F-11D3-BF4B-00C04F79EFBC}") = "SimpleSnsLambda", "Lambda\SimpleSnsLambda\src\SimpleSnsLambda\SimpleSnsLambda.csproj", "{FCB3CD0A-0DEC-48C6-A9BC-65F37330B690}"
EndProject
Project("{FAE04EC0-301F-11D3-BF4B-00C04F79EFBC}") = "SimpleDynamoDbLambda", "Lambda\SimpleDynamoDbLambda\src\SimpleDynamoDbLambda\SimpleDynamoDbLambda.csproj", "{29FF54E9-07FA-4718-8B11-838EAA664C63}"
EndProject
Project("{FAE04EC0-301F-11D3-BF4B-00C04F79EFBC}") = "SimpleS3Lambda", "Lambda\SimpleS3Lambda\src\SimpleS3Lambda\SimpleS3Lambda.csproj", "{DA3D68FB-9304-4949-A380-880A4F12DAA0}"
EndProject
Project("{FAE04EC0-301F-11D3-BF4B-00C04F79EFBC}") = "SimpleApiLambda", "Lambda\SimpleApiLambda\SimpleApiLambda.csproj", "{86620731-7EBE-4AA5-999B-7F65837F43F4}"
EndProject
Project("{FAE04EC0-301F-11D3-BF4B-00C04F79EFBC}") = "SimpleCustomLambda", "Lambda\SimpleCustomLambda\src\SimpleCustomLambda\SimpleCustomLambda.csproj", "{DF9402F6-F20C-454F-86F1-544147B1DD24}"
EndProject
Global
	GlobalSection(SolutionConfigurationPlatforms) = preSolution
		Debug|Any CPU = Debug|Any CPU
		Release|Any CPU = Release|Any CPU
	EndGlobalSection
	GlobalSection(ProjectConfigurationPlatforms) = postSolution
		{731CCA8F-985B-4CD2-AB91-DF07752FE25B}.Debug|Any CPU.ActiveCfg = Debug|Any CPU
		{731CCA8F-985B-4CD2-AB91-DF07752FE25B}.Debug|Any CPU.Build.0 = Debug|Any CPU
		{731CCA8F-985B-4CD2-AB91-DF07752FE25B}.Release|Any CPU.ActiveCfg = Release|Any CPU
		{731CCA8F-985B-4CD2-AB91-DF07752FE25B}.Release|Any CPU.Build.0 = Release|Any CPU
		{AC8F0C35-DB2C-453A-9568-D07141CAE411}.Debug|Any CPU.ActiveCfg = Debug|Any CPU
		{AC8F0C35-DB2C-453A-9568-D07141CAE411}.Debug|Any CPU.Build.0 = Debug|Any CPU
		{AC8F0C35-DB2C-453A-9568-D07141CAE411}.Release|Any CPU.ActiveCfg = Release|Any CPU
		{AC8F0C35-DB2C-453A-9568-D07141CAE411}.Release|Any CPU.Build.0 = Release|Any CPU
		{D832716A-AC4C-48DB-B24B-47644B96EDFE}.Debug|Any CPU.ActiveCfg = Debug|Any CPU
		{D832716A-AC4C-48DB-B24B-47644B96EDFE}.Debug|Any CPU.Build.0 = Debug|Any CPU
		{D832716A-AC4C-48DB-B24B-47644B96EDFE}.Release|Any CPU.ActiveCfg = Release|Any CPU
		{D832716A-AC4C-48DB-B24B-47644B96EDFE}.Release|Any CPU.Build.0 = Release|Any CPU
		{05921EB0-652C-4DD0-87D6-300F9273957A}.Debug|Any CPU.ActiveCfg = Debug|Any CPU
		{05921EB0-652C-4DD0-87D6-300F9273957A}.Debug|Any CPU.Build.0 = Debug|Any CPU
		{05921EB0-652C-4DD0-87D6-300F9273957A}.Release|Any CPU.ActiveCfg = Release|Any CPU
		{05921EB0-652C-4DD0-87D6-300F9273957A}.Release|Any CPU.Build.0 = Release|Any CPU
		{EDBC8C7F-3D64-4B59-A108-D802FEEEF2A1}.Debug|Any CPU.ActiveCfg = Debug|Any CPU
		{EDBC8C7F-3D64-4B59-A108-D802FEEEF2A1}.Debug|Any CPU.Build.0 = Debug|Any CPU
		{EDBC8C7F-3D64-4B59-A108-D802FEEEF2A1}.Release|Any CPU.ActiveCfg = Release|Any CPU
		{EDBC8C7F-3D64-4B59-A108-D802FEEEF2A1}.Release|Any CPU.Build.0 = Release|Any CPU
		{42A2B6B1-1750-4710-83AF-B49EEFD7C4EE}.Debug|Any CPU.ActiveCfg = Debug|Any CPU
		{42A2B6B1-1750-4710-83AF-B49EEFD7C4EE}.Debug|Any CPU.Build.0 = Debug|Any CPU
		{42A2B6B1-1750-4710-83AF-B49EEFD7C4EE}.Release|Any CPU.ActiveCfg = Release|Any CPU
		{42A2B6B1-1750-4710-83AF-B49EEFD7C4EE}.Release|Any CPU.Build.0 = Release|Any CPU
		{CFEF8668-8210-44C2-B495-A8C35BE91851}.Debug|Any CPU.ActiveCfg = Debug|Any CPU
		{CFEF8668-8210-44C2-B495-A8C35BE91851}.Debug|Any CPU.Build.0 = Debug|Any CPU
		{CFEF8668-8210-44C2-B495-A8C35BE91851}.Release|Any CPU.ActiveCfg = Release|Any CPU
		{CFEF8668-8210-44C2-B495-A8C35BE91851}.Release|Any CPU.Build.0 = Release|Any CPU
		{B3A4F8D9-1EF2-4B5F-9688-74D6B1965F86}.Debug|Any CPU.ActiveCfg = Debug|Any CPU
		{B3A4F8D9-1EF2-4B5F-9688-74D6B1965F86}.Debug|Any CPU.Build.0 = Debug|Any CPU
		{B3A4F8D9-1EF2-4B5F-9688-74D6B1965F86}.Release|Any CPU.ActiveCfg = Release|Any CPU
		{B3A4F8D9-1EF2-4B5F-9688-74D6B1965F86}.Release|Any CPU.Build.0 = Release|Any CPU
		{9DF5E463-4C73-42D7-90BA-C9267DB36D14}.Debug|Any CPU.ActiveCfg = Debug|Any CPU
		{9DF5E463-4C73-42D7-90BA-C9267DB36D14}.Debug|Any CPU.Build.0 = Debug|Any CPU
		{9DF5E463-4C73-42D7-90BA-C9267DB36D14}.Release|Any CPU.ActiveCfg = Release|Any CPU
		{9DF5E463-4C73-42D7-90BA-C9267DB36D14}.Release|Any CPU.Build.0 = Release|Any CPU
		{243CD782-E7B5-477E-955D-9DC531E4A68D}.Debug|Any CPU.ActiveCfg = Debug|Any CPU
		{243CD782-E7B5-477E-955D-9DC531E4A68D}.Debug|Any CPU.Build.0 = Debug|Any CPU
		{243CD782-E7B5-477E-955D-9DC531E4A68D}.Release|Any CPU.ActiveCfg = Release|Any CPU
		{243CD782-E7B5-477E-955D-9DC531E4A68D}.Release|Any CPU.Build.0 = Release|Any CPU
		{28F906DF-2EBB-4D58-972B-9AE7A6EB6BF8}.Debug|Any CPU.ActiveCfg = Debug|Any CPU
		{28F906DF-2EBB-4D58-972B-9AE7A6EB6BF8}.Debug|Any CPU.Build.0 = Debug|Any CPU
		{28F906DF-2EBB-4D58-972B-9AE7A6EB6BF8}.Release|Any CPU.ActiveCfg = Release|Any CPU
		{28F906DF-2EBB-4D58-972B-9AE7A6EB6BF8}.Release|Any CPU.Build.0 = Release|Any CPU
		{DC424E1D-382F-4CAE-A605-85E7820B3FD1}.Debug|Any CPU.ActiveCfg = Debug|Any CPU
		{DC424E1D-382F-4CAE-A605-85E7820B3FD1}.Debug|Any CPU.Build.0 = Debug|Any CPU
		{DC424E1D-382F-4CAE-A605-85E7820B3FD1}.Release|Any CPU.ActiveCfg = Release|Any CPU
		{DC424E1D-382F-4CAE-A605-85E7820B3FD1}.Release|Any CPU.Build.0 = Release|Any CPU
		{E8384157-03C6-46A7-B8B6-279460C5C4E8}.Debug|Any CPU.ActiveCfg = Debug|Any CPU
		{E8384157-03C6-46A7-B8B6-279460C5C4E8}.Debug|Any CPU.Build.0 = Debug|Any CPU
		{E8384157-03C6-46A7-B8B6-279460C5C4E8}.Release|Any CPU.ActiveCfg = Release|Any CPU
		{E8384157-03C6-46A7-B8B6-279460C5C4E8}.Release|Any CPU.Build.0 = Release|Any CPU
		{88B0F01A-A684-4484-A185-8D7FC2109E86}.Debug|Any CPU.ActiveCfg = Debug|Any CPU
		{88B0F01A-A684-4484-A185-8D7FC2109E86}.Debug|Any CPU.Build.0 = Debug|Any CPU
		{88B0F01A-A684-4484-A185-8D7FC2109E86}.Release|Any CPU.ActiveCfg = Release|Any CPU
		{88B0F01A-A684-4484-A185-8D7FC2109E86}.Release|Any CPU.Build.0 = Release|Any CPU
		{80B4D6C8-E021-4023-97FC-613C104CE914}.Debug|Any CPU.ActiveCfg = Debug|Any CPU
		{80B4D6C8-E021-4023-97FC-613C104CE914}.Debug|Any CPU.Build.0 = Debug|Any CPU
		{80B4D6C8-E021-4023-97FC-613C104CE914}.Release|Any CPU.ActiveCfg = Release|Any CPU
		{80B4D6C8-E021-4023-97FC-613C104CE914}.Release|Any CPU.Build.0 = Release|Any CPU
		{C352921E-707D-4374-A937-E79DB9A22D86}.Debug|Any CPU.ActiveCfg = Debug|Any CPU
		{C352921E-707D-4374-A937-E79DB9A22D86}.Debug|Any CPU.Build.0 = Debug|Any CPU
		{C352921E-707D-4374-A937-E79DB9A22D86}.Release|Any CPU.ActiveCfg = Release|Any CPU
		{C352921E-707D-4374-A937-E79DB9A22D86}.Release|Any CPU.Build.0 = Release|Any CPU
		{F3C8D5F5-35B4-4E5D-A84F-8F3AA90AAE61}.Debug|Any CPU.ActiveCfg = Debug|Any CPU
		{F3C8D5F5-35B4-4E5D-A84F-8F3AA90AAE61}.Debug|Any CPU.Build.0 = Debug|Any CPU
		{F3C8D5F5-35B4-4E5D-A84F-8F3AA90AAE61}.Release|Any CPU.ActiveCfg = Release|Any CPU
		{F3C8D5F5-35B4-4E5D-A84F-8F3AA90AAE61}.Release|Any CPU.Build.0 = Release|Any CPU
		{723AD5B5-28F1-437F-AFEB-2D493C44CD47}.Debug|Any CPU.ActiveCfg = Debug|Any CPU
		{723AD5B5-28F1-437F-AFEB-2D493C44CD47}.Debug|Any CPU.Build.0 = Debug|Any CPU
		{723AD5B5-28F1-437F-AFEB-2D493C44CD47}.Release|Any CPU.ActiveCfg = Release|Any CPU
		{723AD5B5-28F1-437F-AFEB-2D493C44CD47}.Release|Any CPU.Build.0 = Release|Any CPU
		{5CBD8027-E4FC-45D0-B508-60A45F0D0BC1}.Debug|Any CPU.ActiveCfg = Debug|Any CPU
		{5CBD8027-E4FC-45D0-B508-60A45F0D0BC1}.Debug|Any CPU.Build.0 = Debug|Any CPU
		{5CBD8027-E4FC-45D0-B508-60A45F0D0BC1}.Release|Any CPU.ActiveCfg = Release|Any CPU
		{5CBD8027-E4FC-45D0-B508-60A45F0D0BC1}.Release|Any CPU.Build.0 = Release|Any CPU
		{FCB3CD0A-0DEC-48C6-A9BC-65F37330B690}.Debug|Any CPU.ActiveCfg = Debug|Any CPU
		{FCB3CD0A-0DEC-48C6-A9BC-65F37330B690}.Debug|Any CPU.Build.0 = Debug|Any CPU
		{FCB3CD0A-0DEC-48C6-A9BC-65F37330B690}.Release|Any CPU.ActiveCfg = Release|Any CPU
		{FCB3CD0A-0DEC-48C6-A9BC-65F37330B690}.Release|Any CPU.Build.0 = Release|Any CPU
		{29FF54E9-07FA-4718-8B11-838EAA664C63}.Debug|Any CPU.ActiveCfg = Debug|Any CPU
		{29FF54E9-07FA-4718-8B11-838EAA664C63}.Debug|Any CPU.Build.0 = Debug|Any CPU
		{29FF54E9-07FA-4718-8B11-838EAA664C63}.Release|Any CPU.ActiveCfg = Release|Any CPU
		{29FF54E9-07FA-4718-8B11-838EAA664C63}.Release|Any CPU.Build.0 = Release|Any CPU
		{DA3D68FB-9304-4949-A380-880A4F12DAA0}.Debug|Any CPU.ActiveCfg = Debug|Any CPU
		{DA3D68FB-9304-4949-A380-880A4F12DAA0}.Debug|Any CPU.Build.0 = Debug|Any CPU
		{DA3D68FB-9304-4949-A380-880A4F12DAA0}.Release|Any CPU.ActiveCfg = Release|Any CPU
		{DA3D68FB-9304-4949-A380-880A4F12DAA0}.Release|Any CPU.Build.0 = Release|Any CPU
		{86620731-7EBE-4AA5-999B-7F65837F43F4}.Debug|Any CPU.ActiveCfg = Debug|Any CPU
		{86620731-7EBE-4AA5-999B-7F65837F43F4}.Debug|Any CPU.Build.0 = Debug|Any CPU
		{86620731-7EBE-4AA5-999B-7F65837F43F4}.Release|Any CPU.ActiveCfg = Release|Any CPU
		{86620731-7EBE-4AA5-999B-7F65837F43F4}.Release|Any CPU.Build.0 = Release|Any CPU
		{DF9402F6-F20C-454F-86F1-544147B1DD24}.Debug|Any CPU.ActiveCfg = Debug|Any CPU
		{DF9402F6-F20C-454F-86F1-544147B1DD24}.Debug|Any CPU.Build.0 = Debug|Any CPU
		{DF9402F6-F20C-454F-86F1-544147B1DD24}.Release|Any CPU.ActiveCfg = Release|Any CPU
		{DF9402F6-F20C-454F-86F1-544147B1DD24}.Release|Any CPU.Build.0 = Release|Any CPU
	EndGlobalSection
	GlobalSection(NestedProjects) = preSolution
		{731CCA8F-985B-4CD2-AB91-DF07752FE25B} = {F1A85472-E7BA-47C6-BDED-A1DDF7128356}
		{AC8F0C35-DB2C-453A-9568-D07141CAE411} = {F1A85472-E7BA-47C6-BDED-A1DDF7128356}
		{D832716A-AC4C-48DB-B24B-47644B96EDFE} = {F1A85472-E7BA-47C6-BDED-A1DDF7128356}
		{05921EB0-652C-4DD0-87D6-300F9273957A} = {E3D92467-0DFD-40E6-95C3-C9C3BF72BB23}
		{EDBC8C7F-3D64-4B59-A108-D802FEEEF2A1} = {E3D92467-0DFD-40E6-95C3-C9C3BF72BB23}
		{42A2B6B1-1750-4710-83AF-B49EEFD7C4EE} = {E3D92467-0DFD-40E6-95C3-C9C3BF72BB23}
		{CFEF8668-8210-44C2-B495-A8C35BE91851} = {E3D92467-0DFD-40E6-95C3-C9C3BF72BB23}
		{B3A4F8D9-1EF2-4B5F-9688-74D6B1965F86} = {2E4D0440-EF8F-449C-B820-E5F8E792904C}
		{9DF5E463-4C73-42D7-90BA-C9267DB36D14} = {2E4D0440-EF8F-449C-B820-E5F8E792904C}
		{243CD782-E7B5-477E-955D-9DC531E4A68D} = {7E139B10-6792-4BBD-999A-101F16FC6847}
		{28F906DF-2EBB-4D58-972B-9AE7A6EB6BF8} = {00302FBF-C367-4009-BB5D-7BB28967E815}
		{DC424E1D-382F-4CAE-A605-85E7820B3FD1} = {00302FBF-C367-4009-BB5D-7BB28967E815}
		{E8384157-03C6-46A7-B8B6-279460C5C4E8} = {3945F918-6C81-4066-922C-F1E91000ADB3}
		{88B0F01A-A684-4484-A185-8D7FC2109E86} = {3945F918-6C81-4066-922C-F1E91000ADB3}
		{80B4D6C8-E021-4023-97FC-613C104CE914} = {AF1EA9A5-7EF1-4C6A-BF6A-4EA5B119C339}
		{C352921E-707D-4374-A937-E79DB9A22D86} = {AF1EA9A5-7EF1-4C6A-BF6A-4EA5B119C339}
		{F3C8D5F5-35B4-4E5D-A84F-8F3AA90AAE61} = {BB1AE07A-D27B-4931-9E73-F171BE905DDB}
		{723AD5B5-28F1-437F-AFEB-2D493C44CD47} = {BB1AE07A-D27B-4931-9E73-F171BE905DDB}
		{5CBD8027-E4FC-45D0-B508-60A45F0D0BC1} = {BB1AE07A-D27B-4931-9E73-F171BE905DDB}
		{FCB3CD0A-0DEC-48C6-A9BC-65F37330B690} = {BB1AE07A-D27B-4931-9E73-F171BE905DDB}
		{29FF54E9-07FA-4718-8B11-838EAA664C63} = {BB1AE07A-D27B-4931-9E73-F171BE905DDB}
		{DA3D68FB-9304-4949-A380-880A4F12DAA0} = {BB1AE07A-D27B-4931-9E73-F171BE905DDB}
		{86620731-7EBE-4AA5-999B-7F65837F43F4} = {BB1AE07A-D27B-4931-9E73-F171BE905DDB}
		{DF9402F6-F20C-454F-86F1-544147B1DD24} = {BB1AE07A-D27B-4931-9E73-F171BE905DDB}
	EndGlobalSection
EndGlobal
